
Microsoft Visual Studio Solution File, Format Version 12.00
# Visual Studio Version 16
VisualStudioVersion = 16.0.31624.102
MinimumVisualStudioVersion = 10.0.40219.1
Project("{9A19103F-16F7-4668-BE54-9A1E7A4F7556}") = "VeloMax", "VeloMax.csproj", "{68895196-4756-466B-A5DA-DAD3065B0E8D}"
EndProject
Global
	GlobalSection(SolutionConfigurationPlatforms) = preSolution
		Debug|Any CPU = Debug|Any CPU
		Release|Any CPU = Release|Any CPU
	EndGlobalSection
	GlobalSection(ProjectConfigurationPlatforms) = postSolution
		{68895196-4756-466B-A5DA-DAD3065B0E8D}.Debug|Any CPU.ActiveCfg = Debug|Any CPU
		{68895196-4756-466B-A5DA-DAD3065B0E8D}.Debug|Any CPU.Build.0 = Debug|Any CPU
		{68895196-4756-466B-A5DA-DAD3065B0E8D}.Release|Any CPU.ActiveCfg = Release|Any CPU
		{68895196-4756-466B-A5DA-DAD3065B0E8D}.Release|Any CPU.Build.0 = Release|Any CPU
	EndGlobalSection
	GlobalSection(SolutionProperties) = preSolution
		HideSolutionNode = FALSE
	EndGlobalSection
	GlobalSection(ExtensibilityGlobals) = postSolution
		SolutionGuid = {1CFE7C01-254B-4FB8-9694-A4298A561719}
	EndGlobalSection
EndGlobal
